// !$*UTF8*$!
{
	archiveVersion = 1;
	classes = {
	};
	objectVersion = 77;
	objects = {

/* Begin PBXContainerItemProxy section */
		765BB0A22DC0D86C001790C5 /* PBXContainerItemProxy */ = {
			isa = PBXContainerItemProxy;
			containerPortal = 765BB0832DC0D86B001790C5 /* Project object */;
			proxyType = 1;
			remoteGlobalIDString = 765BB08A2DC0D86B001790C5;
			remoteInfo = "DGC iOS Blank Project";
		};
		765BB0AC2DC0D86C001790C5 /* PBXContainerItemProxy */ = {
			isa = PBXContainerItemProxy;
			containerPortal = 765BB0832DC0D86B001790C5 /* Project object */;
			proxyType = 1;
			remoteGlobalIDString = 765BB08A2DC0D86B001790C5;
			remoteInfo = "DGC iOS Blank Project";
		};
/* End PBXContainerItemProxy section */

/* Begin PBXFileReference section */
		765BB08B2DC0D86B001790C5 /* DGC iOS Blank Project.app */ = {isa = PBXFileReference; explicitFileType = wrapper.application; includeInIndex = 0; path = "DGC iOS Blank Project.app"; sourceTree = BUILT_PRODUCTS_DIR; };
		765BB0A12DC0D86C001790C5 /* DGC iOS Blank ProjectTests.xctest */ = {isa = PBXFileReference; explicitFileType = wrapper.cfbundle; includeInIndex = 0; path = "DGC iOS Blank ProjectTests.xctest"; sourceTree = BUILT_PRODUCTS_DIR; };
		765BB0AB2DC0D86C001790C5 /* DGC iOS Blank ProjectUITests.xctest */ = {isa = PBXFileReference; explicitFileType = wrapper.cfbundle; includeInIndex = 0; path = "DGC iOS Blank ProjectUITests.xctest"; sourceTree = BUILT_PRODUCTS_DIR; };
/* End PBXFileReference section */

/* Begin PBXFileSystemSynchronizedRootGroup section */
		765BB08D2DC0D86B001790C5 /* DGC iOS Blank Project */ = {
			isa = PBXFileSystemSynchronizedRootGroup;
			path = "DGC iOS Blank Project";
			sourceTree = "<group>";
		};
		765BB0A42DC0D86C001790C5 /* DGC iOS Blank ProjectTests */ = {
			isa = PBXFileSystemSynchronizedRootGroup;
			path = "DGC iOS Blank ProjectTests";
			sourceTree = "<group>";
		};
		765BB0AE2DC0D86C001790C5 /* DGC iOS Blank ProjectUITests */ = {
			isa = PBXFileSystemSynchronizedRootGroup;
			path = "DGC iOS Blank ProjectUITests";
			sourceTree = "<group>";
		};
/* End PBXFileSystemSynchronizedRootGroup section */

/* Begin PBXFrameworksBuildPhase section */
		765BB0882DC0D86B001790C5 /* Frameworks */ = {
			isa = PBXFrameworksBuildPhase;
			buildActionMask = 2147483647;
			files = (
			);
			runOnlyForDeploymentPostprocessing = 0;
		};
		765BB09E2DC0D86C001790C5 /* Frameworks */ = {
			isa = PBXFrameworksBuildPhase;
			buildActionMask = 2147483647;
			files = (
			);
			runOnlyForDeploymentPostprocessing = 0;
		};
		765BB0A82DC0D86C001790C5 /* Frameworks */ = {
			isa = PBXFrameworksBuildPhase;
			buildActionMask = 2147483647;
			files = (
			);
			runOnlyForDeploymentPostprocessing = 0;
		};
/* End PBXFrameworksBuildPhase section */

/* Begin PBXGroup section */
		765BB0822DC0D86B001790C5 = {
			isa = PBXGroup;
			children = (
				765BB08D2DC0D86B001790C5 /* DGC iOS Blank Project */,
				765BB0A42DC0D86C001790C5 /* DGC iOS Blank ProjectTests */,
				765BB0AE2DC0D86C001790C5 /* DGC iOS Blank ProjectUITests */,
				765BB08C2DC0D86B001790C5 /* Products */,
			);
			sourceTree = "<group>";
		};
		765BB08C2DC0D86B001790C5 /* Products */ = {
			isa = PBXGroup;
			children = (
				765BB08B2DC0D86B001790C5 /* DGC iOS Blank Project.app */,
				765BB0A12DC0D86C001790C5 /* DGC iOS Blank ProjectTests.xctest */,
				765BB0AB2DC0D86C001790C5 /* DGC iOS Blank ProjectUITests.xctest */,
			);
			name = Products;
			sourceTree = "<group>";
		};
/* End PBXGroup section */

/* Begin PBXNativeTarget section */
		765BB08A2DC0D86B001790C5 /* DGC iOS Blank Project */ = {
			isa = PBXNativeTarget;
			buildConfigurationList = 765BB0B52DC0D86C001790C5 /* Build configuration list for PBXNativeTarget "DGC iOS Blank Project" */;
			buildPhases = (
				765BB0872DC0D86B001790C5 /* Sources */,
				765BB0882DC0D86B001790C5 /* Frameworks */,
				765BB0892DC0D86B001790C5 /* Resources */,
			);
			buildRules = (
			);
			dependencies = (
			);
			fileSystemSynchronizedGroups = (
				765BB08D2DC0D86B001790C5 /* DGC iOS Blank Project */,
			);
			name = "DGC iOS Blank Project";
			packageProductDependencies = (
			);
			productName = "DGC iOS Blank Project";
			productReference = 765BB08B2DC0D86B001790C5 /* DGC iOS Blank Project.app */;
			productType = "com.apple.product-type.application";
		};
		765BB0A02DC0D86C001790C5 /* DGC iOS Blank ProjectTests */ = {
			isa = PBXNativeTarget;
			buildConfigurationList = 765BB0B82DC0D86C001790C5 /* Build configuration list for PBXNativeTarget "DGC iOS Blank ProjectTests" */;
			buildPhases = (
				765BB09D2DC0D86C001790C5 /* Sources */,
				765BB09E2DC0D86C001790C5 /* Frameworks */,
				765BB09F2DC0D86C001790C5 /* Resources */,
			);
			buildRules = (
			);
			dependencies = (
				765BB0A32DC0D86C001790C5 /* PBXTargetDependency */,
			);
			fileSystemSynchronizedGroups = (
				765BB0A42DC0D86C001790C5 /* DGC iOS Blank ProjectTests */,
			);
			name = "DGC iOS Blank ProjectTests";
			packageProductDependencies = (
			);
			productName = "DGC iOS Blank ProjectTests";
			productReference = 765BB0A12DC0D86C001790C5 /* DGC iOS Blank ProjectTests.xctest */;
			productType = "com.apple.product-type.bundle.unit-test";
		};
		765BB0AA2DC0D86C001790C5 /* DGC iOS Blank ProjectUITests */ = {
			isa = PBXNativeTarget;
			buildConfigurationList = 765BB0BB2DC0D86C001790C5 /* Build configuration list for PBXNativeTarget "DGC iOS Blank ProjectUITests" */;
			buildPhases = (
				765BB0A72DC0D86C001790C5 /* Sources */,
				765BB0A82DC0D86C001790C5 /* Frameworks */,
				765BB0A92DC0D86C001790C5 /* Resources */,
			);
			buildRules = (
			);
			dependencies = (
				765BB0AD2DC0D86C001790C5 /* PBXTargetDependency */,
			);
			fileSystemSynchronizedGroups = (
				765BB0AE2DC0D86C001790C5 /* DGC iOS Blank ProjectUITests */,
			);
			name = "DGC iOS Blank ProjectUITests";
			packageProductDependencies = (
			);
			productName = "DGC iOS Blank ProjectUITests";
			productReference = 765BB0AB2DC0D86C001790C5 /* DGC iOS Blank ProjectUITests.xctest */;
			productType = "com.apple.product-type.bundle.ui-testing";
		};
/* End PBXNativeTarget section */

/* Begin PBXProject section */
		765BB0832DC0D86B001790C5 /* Project object */ = {
			isa = PBXProject;
			attributes = {
				BuildIndependentTargetsInParallel = 1;
				LastSwiftUpdateCheck = 1620;
				LastUpgradeCheck = 1620;
				TargetAttributes = {
					765BB08A2DC0D86B001790C5 = {
						CreatedOnToolsVersion = 16.2;
					};
					765BB0A02DC0D86C001790C5 = {
						CreatedOnToolsVersion = 16.2;
						TestTargetID = 765BB08A2DC0D86B001790C5;
					};
					765BB0AA2DC0D86C001790C5 = {
						CreatedOnToolsVersion = 16.2;
						TestTargetID = 765BB08A2DC0D86B001790C5;
					};
				};
			};
			buildConfigurationList = 765BB0862DC0D86B001790C5 /* Build configuration list for PBXProject "DGC iOS Blank Project" */;
			developmentRegion = en;
			hasScannedForEncodings = 0;
			knownRegions = (
				en,
				Base,
			);
			mainGroup = 765BB0822DC0D86B001790C5;
			minimizedProjectReferenceProxies = 1;
			preferredProjectObjectVersion = 77;
			productRefGroup = 765BB08C2DC0D86B001790C5 /* Products */;
			projectDirPath = "";
			projectRoot = "";
			targets = (
				765BB08A2DC0D86B001790C5 /* DGC iOS Blank Project */,
				765BB0A02DC0D86C001790C5 /* DGC iOS Blank ProjectTests */,
				765BB0AA2DC0D86C001790C5 /* DGC iOS Blank ProjectUITests */,
			);
		};
/* End PBXProject section */

/* Begin PBXResourcesBuildPhase section */
		765BB0892DC0D86B001790C5 /* Resources */ = {
			isa = PBXResourcesBuildPhase;
			buildActionMask = 2147483647;
			files = (
			);
			runOnlyForDeploymentPostprocessing = 0;
		};
		765BB09F2DC0D86C001790C5 /* Resources */ = {
			isa = PBXResourcesBuildPhase;
			buildActionMask = 2147483647;
			files = (
			);
			runOnlyForDeploymentPostprocessing = 0;
		};
		765BB0A92DC0D86C001790C5 /* Resources */ = {
			isa = PBXResourcesBuildPhase;
			buildActionMask = 2147483647;
			files = (
			);
			runOnlyForDeploymentPostprocessing = 0;
		};
/* End PBXResourcesBuildPhase section */

/* Begin PBXSourcesBuildPhase section */
		765BB0872DC0D86B001790C5 /* Sources */ = {
			isa = PBXSourcesBuildPhase;
			buildActionMask = 2147483647;
			files = (
			);
			runOnlyForDeploymentPostprocessing = 0;
		};
		765BB09D2DC0D86C001790C5 /* Sources */ = {
			isa = PBXSourcesBuildPhase;
			buildActionMask = 2147483647;
			files = (
			);
			runOnlyForDeploymentPostprocessing = 0;
		};
		765BB0A72DC0D86C001790C5 /* Sources */ = {
			isa = PBXSourcesBuildPhase;
			buildActionMask = 2147483647;
			files = (
			);
			runOnlyForDeploymentPostprocessing = 0;
		};
/* End PBXSourcesBuildPhase section */

/* Begin PBXTargetDependency section */
		765BB0A32DC0D86C001790C5 /* PBXTargetDependency */ = {
			isa = PBXTargetDependency;
			target = 765BB08A2DC0D86B001790C5 /* DGC iOS Blank Project */;
			targetProxy = 765BB0A22DC0D86C001790C5 /* PBXContainerItemProxy */;
		};
		765BB0AD2DC0D86C001790C5 /* PBXTargetDependency */ = {
			isa = PBXTargetDependency;
			target = 765BB08A2DC0D86B001790C5 /* DGC iOS Blank Project */;
			targetProxy = 765BB0AC2DC0D86C001790C5 /* PBXContainerItemProxy */;
		};
/* End PBXTargetDependency section */

/* Begin XCBuildConfiguration section */
		765BB0B32DC0D86C001790C5 /* Debug */ = {
			isa = XCBuildConfiguration;
			buildSettings = {
				ALWAYS_SEARCH_USER_PATHS = NO;
				ASSETCATALOG_COMPILER_GENERATE_SWIFT_ASSET_SYMBOL_EXTENSIONS = YES;
				CLANG_ANALYZER_NONNULL = YES;
				CLANG_ANALYZER_NUMBER_OBJECT_CONVERSION = YES_AGGRESSIVE;
				CLANG_CXX_LANGUAGE_STANDARD = "gnu++20";
				CLANG_ENABLE_MODULES = YES;
				CLANG_ENABLE_OBJC_ARC = YES;
				CLANG_ENABLE_OBJC_WEAK = YES;
				CLANG_WARN_BLOCK_CAPTURE_AUTORELEASING = YES;
				CLANG_WARN_BOOL_CONVERSION = YES;
				CLANG_WARN_COMMA = YES;
				CLANG_WARN_CONSTANT_CONVERSION = YES;
				CLANG_WARN_DEPRECATED_OBJC_IMPLEMENTATIONS = YES;
				CLANG_WARN_DIRECT_OBJC_ISA_USAGE = YES_ERROR;
				CLANG_WARN_DOCUMENTATION_COMMENTS = YES;
				CLANG_WARN_EMPTY_BODY = YES;
				CLANG_WARN_ENUM_CONVERSION = YES;
				CLANG_WARN_INFINITE_RECURSION = YES;
				CLANG_WARN_INT_CONVERSION = YES;
				CLANG_WARN_NON_LITERAL_NULL_CONVERSION = YES;
				CLANG_WARN_OBJC_IMPLICIT_RETAIN_SELF = YES;
				CLANG_WARN_OBJC_LITERAL_CONVERSION = YES;
				CLANG_WARN_OBJC_ROOT_CLASS = YES_ERROR;
				CLANG_WARN_QUOTED_INCLUDE_IN_FRAMEWORK_HEADER = YES;
				CLANG_WARN_RANGE_LOOP_ANALYSIS = YES;
				CLANG_WARN_STRICT_PROTOTYPES = YES;
				CLANG_WARN_SUSPICIOUS_MOVE = YES;
				CLANG_WARN_UNGUARDED_AVAILABILITY = YES_AGGRESSIVE;
				CLANG_WARN_UNREACHABLE_CODE = YES;
				CLANG_WARN__DUPLICATE_METHOD_MATCH = YES;
				COPY_PHASE_STRIP = NO;
				DEBUG_INFORMATION_FORMAT = dwarf;
				ENABLE_STRICT_OBJC_MSGSEND = YES;
				ENABLE_TESTABILITY = YES;
				ENABLE_USER_SCRIPT_SANDBOXING = YES;
				GCC_C_LANGUAGE_STANDARD = gnu17;
				GCC_DYNAMIC_NO_PIC = NO;
				GCC_NO_COMMON_BLOCKS = YES;
				GCC_OPTIMIZATION_LEVEL = 0;
				GCC_PREPROCESSOR_DEFINITIONS = (
					"DEBUG=1",
					"$(inherited)",
				);
				GCC_WARN_64_TO_32_BIT_CONVERSION = YES;
				GCC_WARN_ABOUT_RETURN_TYPE = YES_ERROR;
				GCC_WARN_UNDECLARED_SELECTOR = YES;
				GCC_WARN_UNINITIALIZED_AUTOS = YES_AGGRESSIVE;
				GCC_WARN_UNUSED_FUNCTION = YES;
				GCC_WARN_UNUSED_VARIABLE = YES;
				LOCALIZATION_PREFERS_STRING_CATALOGS = YES;
				MTL_ENABLE_DEBUG_INFO = INCLUDE_SOURCE;
				MTL_FAST_MATH = YES;
				ONLY_ACTIVE_ARCH = YES;
				SWIFT_ACTIVE_COMPILATION_CONDITIONS = "DEBUG $(inherited)";
				SWIFT_OPTIMIZATION_LEVEL = "-Onone";
			};
			name = Debug;
		};
		765BB0B42DC0D86C001790C5 /* Release */ = {
			isa = XCBuildConfiguration;
			buildSettings = {
				ALWAYS_SEARCH_USER_PATHS = NO;
				ASSETCATALOG_COMPILER_GENERATE_SWIFT_ASSET_SYMBOL_EXTENSIONS = YES;
				CLANG_ANALYZER_NONNULL = YES;
				CLANG_ANALYZER_NUMBER_OBJECT_CONVERSION = YES_AGGRESSIVE;
				CLANG_CXX_LANGUAGE_STANDARD = "gnu++20";
				CLANG_ENABLE_MODULES = YES;
				CLANG_ENABLE_OBJC_ARC = YES;
				CLANG_ENABLE_OBJC_WEAK = YES;
				CLANG_WARN_BLOCK_CAPTURE_AUTORELEASING = YES;
				CLANG_WARN_BOOL_CONVERSION = YES;
				CLANG_WARN_COMMA = YES;
				CLANG_WARN_CONSTANT_CONVERSION = YES;
				CLANG_WARN_DEPRECATED_OBJC_IMPLEMENTATIONS = YES;
				CLANG_WARN_DIRECT_OBJC_ISA_USAGE = YES_ERROR;
				CLANG_WARN_DOCUMENTATION_COMMENTS = YES;
				CLANG_WARN_EMPTY_BODY = YES;
				CLANG_WARN_ENUM_CONVERSION = YES;
				CLANG_WARN_INFINITE_RECURSION = YES;
				CLANG_WARN_INT_CONVERSION = YES;
				CLANG_WARN_NON_LITERAL_NULL_CONVERSION = YES;
				CLANG_WARN_OBJC_IMPLICIT_RETAIN_SELF = YES;
				CLANG_WARN_OBJC_LITERAL_CONVERSION = YES;
				CLANG_WARN_OBJC_ROOT_CLASS = YES_ERROR;
				CLANG_WARN_QUOTED_INCLUDE_IN_FRAMEWORK_HEADER = YES;
				CLANG_WARN_RANGE_LOOP_ANALYSIS = YES;
				CLANG_WARN_STRICT_PROTOTYPES = YES;
				CLANG_WARN_SUSPICIOUS_MOVE = YES;
				CLANG_WARN_UNGUARDED_AVAILABILITY = YES_AGGRESSIVE;
				CLANG_WARN_UNREACHABLE_CODE = YES;
				CLANG_WARN__DUPLICATE_METHOD_MATCH = YES;
				COPY_PHASE_STRIP = NO;
				DEBUG_INFORMATION_FORMAT = "dwarf-with-dsym";
				ENABLE_NS_ASSERTIONS = NO;
				ENABLE_STRICT_OBJC_MSGSEND = YES;
				ENABLE_USER_SCRIPT_SANDBOXING = YES;
				GCC_C_LANGUAGE_STANDARD = gnu17;
				GCC_NO_COMMON_BLOCKS = YES;
				GCC_WARN_64_TO_32_BIT_CONVERSION = YES;
				GCC_WARN_ABOUT_RETURN_TYPE = YES_ERROR;
				GCC_WARN_UNDECLARED_SELECTOR = YES;
				GCC_WARN_UNINITIALIZED_AUTOS = YES_AGGRESSIVE;
				GCC_WARN_UNUSED_FUNCTION = YES;
				GCC_WARN_UNUSED_VARIABLE = YES;
				LOCALIZATION_PREFERS_STRING_CATALOGS = YES;
				MTL_ENABLE_DEBUG_INFO = NO;
				MTL_FAST_MATH = YES;
				SWIFT_COMPILATION_MODE = wholemodule;
			};
			name = Release;
		};
		765BB0B62DC0D86C001790C5 /* Debug */ = {
			isa = XCBuildConfiguration;
			buildSettings = {
				ASSETCATALOG_COMPILER_APPICON_NAME = AppIcon;
				ASSETCATALOG_COMPILER_GLOBAL_ACCENT_COLOR_NAME = AccentColor;
				CODE_SIGN_ENTITLEMENTS = "DGC iOS Blank Project/DGC_iOS_Blank_Project.entitlements";
				CODE_SIGN_STYLE = Automatic;
				CURRENT_PROJECT_VERSION = 1;
				DEVELOPMENT_ASSET_PATHS = "\"DGC iOS Blank Project/Preview Content\"";
				DEVELOPMENT_TEAM = 985J6A55JS;
				ENABLE_HARDENED_RUNTIME = YES;
				ENABLE_PREVIEWS = YES;
				GENERATE_INFOPLIST_FILE = YES;
				"INFOPLIST_KEY_UIApplicationSceneManifest_Generation[sdk=iphoneos*]" = YES;
				"INFOPLIST_KEY_UIApplicationSceneManifest_Generation[sdk=iphonesimulator*]" = YES;
				"INFOPLIST_KEY_UIApplicationSupportsIndirectInputEvents[sdk=iphoneos*]" = YES;
				"INFOPLIST_KEY_UIApplicationSupportsIndirectInputEvents[sdk=iphonesimulator*]" = YES;
				"INFOPLIST_KEY_UILaunchScreen_Generation[sdk=iphoneos*]" = YES;
				"INFOPLIST_KEY_UILaunchScreen_Generation[sdk=iphonesimulator*]" = YES;
				"INFOPLIST_KEY_UIStatusBarStyle[sdk=iphoneos*]" = UIStatusBarStyleDefault;
				"INFOPLIST_KEY_UIStatusBarStyle[sdk=iphonesimulator*]" = UIStatusBarStyleDefault;
				INFOPLIST_KEY_UISupportedInterfaceOrientations_iPad = "UIInterfaceOrientationPortrait UIInterfaceOrientationPortraitUpsideDown UIInterfaceOrientationLandscapeLeft UIInterfaceOrientationLandscapeRight";
				INFOPLIST_KEY_UISupportedInterfaceOrientations_iPhone = "UIInterfaceOrientationPortrait UIInterfaceOrientationLandscapeLeft UIInterfaceOrientationLandscapeRight";
				IPHONEOS_DEPLOYMENT_TARGET = 18.2;
				LD_RUNPATH_SEARCH_PATHS = "@executable_path/Frameworks";
				"LD_RUNPATH_SEARCH_PATHS[sdk=macosx*]" = "@executable_path/../Frameworks";
				MACOSX_DEPLOYMENT_TARGET = 15.2;
				MARKETING_VERSION = 1.0;
				PRODUCT_BUNDLE_IDENTIFIER = "dgc.ios.blank.project.DGC-iOS-Blank-Project";
				PRODUCT_NAME = "$(TARGET_NAME)";
				SDKROOT = auto;
				SUPPORTED_PLATFORMS = "iphoneos iphonesimulator macosx xros xrsimulator";
				SWIFT_EMIT_LOC_STRINGS = YES;
				SWIFT_VERSION = 5.0;
				TARGETED_DEVICE_FAMILY = "1,2,7";
				XROS_DEPLOYMENT_TARGET = 2.2;
			};
			name = Debug;
		};
		765BB0B72DC0D86C001790C5 /* Release */ = {
			isa = XCBuildConfiguration;
			buildSettings = {
				ASSETCATALOG_COMPILER_APPICON_NAME = AppIcon;
				ASSETCATALOG_COMPILER_GLOBAL_ACCENT_COLOR_NAME = AccentColor;
				CODE_SIGN_ENTITLEMENTS = "DGC iOS Blank Project/DGC_iOS_Blank_Project.entitlements";
				CODE_SIGN_STYLE = Automatic;
				CURRENT_PROJECT_VERSION = 1;
				DEVELOPMENT_ASSET_PATHS = "\"DGC iOS Blank Project/Preview Content\"";
				DEVELOPMENT_TEAM = 985J6A55JS;
				ENABLE_HARDENED_RUNTIME = YES;
				ENABLE_PREVIEWS = YES;
				GENERATE_INFOPLIST_FILE = YES;
				"INFOPLIST_KEY_UIApplicationSceneManifest_Generation[sdk=iphoneos*]" = YES;
				"INFOPLIST_KEY_UIApplicationSceneManifest_Generation[sdk=iphonesimulator*]" = YES;
				"INFOPLIST_KEY_UIApplicationSupportsIndirectInputEvents[sdk=iphoneos*]" = YES;
				"INFOPLIST_KEY_UIApplicationSupportsIndirectInputEvents[sdk=iphonesimulator*]" = YES;
				"INFOPLIST_KEY_UILaunchScreen_Generation[sdk=iphoneos*]" = YES;
				"INFOPLIST_KEY_UILaunchScreen_Generation[sdk=iphonesimulator*]" = YES;
				"INFOPLIST_KEY_UIStatusBarStyle[sdk=iphoneos*]" = UIStatusBarStyleDefault;
				"INFOPLIST_KEY_UIStatusBarStyle[sdk=iphonesimulator*]" = UIStatusBarStyleDefault;
				INFOPLIST_KEY_UISupportedInterfaceOrientations_iPad = "UIInterfaceOrientationPortrait UIInterfaceOrientationPortraitUpsideDown UIInterfaceOrientationLandscapeLeft UIInterfaceOrientationLandscapeRight";
				INFOPLIST_KEY_UISupportedInterfaceOrientations_iPhone = "UIInterfaceOrientationPortrait UIInterfaceOrientationLandscapeLeft UIInterfaceOrientationLandscapeRight";
				IPHONEOS_DEPLOYMENT_TARGET = 18.2;
				LD_RUNPATH_SEARCH_PATHS = "@executable_path/Frameworks";
				"LD_RUNPATH_SEARCH_PATHS[sdk=macosx*]" = "@executable_path/../Frameworks";
				MACOSX_DEPLOYMENT_TARGET = 15.2;
				MARKETING_VERSION = 1.0;
				PRODUCT_BUNDLE_IDENTIFIER = "dgc.ios.blank.project.DGC-iOS-Blank-Project";
				PRODUCT_NAME = "$(TARGET_NAME)";
				SDKROOT = auto;
				SUPPORTED_PLATFORMS = "iphoneos iphonesimulator macosx xros xrsimulator";
				SWIFT_EMIT_LOC_STRINGS = YES;
				SWIFT_VERSION = 5.0;
				TARGETED_DEVICE_FAMILY = "1,2,7";
				XROS_DEPLOYMENT_TARGET = 2.2;
			};
			name = Release;
		};
		765BB0B92DC0D86C001790C5 /* Debug */ = {
			isa = XCBuildConfiguration;
			buildSettings = {
				BUNDLE_LOADER = "$(TEST_HOST)";
				CODE_SIGN_STYLE = Automatic;
				CURRENT_PROJECT_VERSION = 1;
				DEVELOPMENT_TEAM = 985J6A55JS;
				GENERATE_INFOPLIST_FILE = YES;
				IPHONEOS_DEPLOYMENT_TARGET = 18.2;
				MACOSX_DEPLOYMENT_TARGET = 15.2;
				MARKETING_VERSION = 1.0;
				PRODUCT_BUNDLE_IDENTIFIER = "dgc.ios.blank.project.DGC-iOS-Blank-ProjectTests";
				PRODUCT_NAME = "$(TARGET_NAME)";
				SDKROOT = auto;
				SUPPORTED_PLATFORMS = "iphoneos iphonesimulator macosx xros xrsimulator";
				SWIFT_EMIT_LOC_STRINGS = NO;
				SWIFT_VERSION = 5.0;
				TARGETED_DEVICE_FAMILY = "1,2,7";
				TEST_HOST = "$(BUILT_PRODUCTS_DIR)/DGC iOS Blank Project.app/$(BUNDLE_EXECUTABLE_FOLDER_PATH)/DGC iOS Blank Project";
				XROS_DEPLOYMENT_TARGET = 2.2;
			};
			name = Debug;
		};
		765BB0BA2DC0D86C001790C5 /* Release */ = {
			isa = XCBuildConfiguration;
			buildSettings = {
				BUNDLE_LOADER = "$(TEST_HOST)";
				CODE_SIGN_STYLE = Automatic;
				CURRENT_PROJECT_VERSION = 1;
				DEVELOPMENT_TEAM = 985J6A55JS;
				GENERATE_INFOPLIST_FILE = YES;
				IPHONEOS_DEPLOYMENT_TARGET = 18.2;
				MACOSX_DEPLOYMENT_TARGET = 15.2;
				MARKETING_VERSION = 1.0;
				PRODUCT_BUNDLE_IDENTIFIER = "dgc.ios.blank.project.DGC-iOS-Blank-ProjectTests";
				PRODUCT_NAME = "$(TARGET_NAME)";
				SDKROOT = auto;
				SUPPORTED_PLATFORMS = "iphoneos iphonesimulator macosx xros xrsimulator";
				SWIFT_EMIT_LOC_STRINGS = NO;
				SWIFT_VERSION = 5.0;
				TARGETED_DEVICE_FAMILY = "1,2,7";
				TEST_HOST = "$(BUILT_PRODUCTS_DIR)/DGC iOS Blank Project.app/$(BUNDLE_EXECUTABLE_FOLDER_PATH)/DGC iOS Blank Project";
				XROS_DEPLOYMENT_TARGET = 2.2;
			};
			name = Release;
		};
		765BB0BC2DC0D86C001790C5 /* Debug */ = {
			isa = XCBuildConfiguration;
			buildSettings = {
				CODE_SIGN_STYLE = Automatic;
				CURRENT_PROJECT_VERSION = 1;
				DEVELOPMENT_TEAM = 985J6A55JS;
				GENERATE_INFOPLIST_FILE = YES;
				IPHONEOS_DEPLOYMENT_TARGET = 18.2;
				MACOSX_DEPLOYMENT_TARGET = 15.2;
				MARKETING_VERSION = 1.0;
				PRODUCT_BUNDLE_IDENTIFIER = "dgc.ios.blank.project.DGC-iOS-Blank-ProjectUITests";
				PRODUCT_NAME = "$(TARGET_NAME)";
				SDKROOT = auto;
				SUPPORTED_PLATFORMS = "iphoneos iphonesimulator macosx xros xrsimulator";
				SWIFT_EMIT_LOC_STRINGS = NO;
				SWIFT_VERSION = 5.0;
				TARGETED_DEVICE_FAMILY = "1,2,7";
				TEST_TARGET_NAME = "DGC iOS Blank Project";
				XROS_DEPLOYMENT_TARGET = 2.2;
			};
			name = Debug;
		};
		765BB0BD2DC0D86C001790C5 /* Release */ = {
			isa = XCBuildConfiguration;
			buildSettings = {
				CODE_SIGN_STYLE = Automatic;
				CURRENT_PROJECT_VERSION = 1;
				DEVELOPMENT_TEAM = 985J6A55JS;
				GENERATE_INFOPLIST_FILE = YES;
				IPHONEOS_DEPLOYMENT_TARGET = 18.2;
				MACOSX_DEPLOYMENT_TARGET = 15.2;
				MARKETING_VERSION = 1.0;
				PRODUCT_BUNDLE_IDENTIFIER = "dgc.ios.blank.project.DGC-iOS-Blank-ProjectUITests";
				PRODUCT_NAME = "$(TARGET_NAME)";
				SDKROOT = auto;
				SUPPORTED_PLATFORMS = "iphoneos iphonesimulator macosx xros xrsimulator";
				SWIFT_EMIT_LOC_STRINGS = NO;
				SWIFT_VERSION = 5.0;
				TARGETED_DEVICE_FAMILY = "1,2,7";
				TEST_TARGET_NAME = "DGC iOS Blank Project";
				XROS_DEPLOYMENT_TARGET = 2.2;
			};
			name = Release;
		};
/* End XCBuildConfiguration section */

/* Begin XCConfigurationList section */
		765BB0862DC0D86B001790C5 /* Build configuration list for PBXProject "DGC iOS Blank Project" */ = {
			isa = XCConfigurationList;
			buildConfigurations = (
				765BB0B32DC0D86C001790C5 /* Debug */,
				765BB0B42DC0D86C001790C5 /* Release */,
			);
			defaultConfigurationIsVisible = 0;
			defaultConfigurationName = Release;
		};
		765BB0B52DC0D86C001790C5 /* Build configuration list for PBXNativeTarget "DGC iOS Blank Project" */ = {
			isa = XCConfigurationList;
			buildConfigurations = (
				765BB0B62DC0D86C001790C5 /* Debug */,
				765BB0B72DC0D86C001790C5 /* Release */,
			);
			defaultConfigurationIsVisible = 0;
			defaultConfigurationName = Release;
		};
		765BB0B82DC0D86C001790C5 /* Build configuration list for PBXNativeTarget "DGC iOS Blank ProjectTests" */ = {
			isa = XCConfigurationList;
			buildConfigurations = (
				765BB0B92DC0D86C001790C5 /* Debug */,
				765BB0BA2DC0D86C001790C5 /* Release */,
			);
			defaultConfigurationIsVisible = 0;
			defaultConfigurationName = Release;
		};
		765BB0BB2DC0D86C001790C5 /* Build configuration list for PBXNativeTarget "DGC iOS Blank ProjectUITests" */ = {
			isa = XCConfigurationList;
			buildConfigurations = (
				765BB0BC2DC0D86C001790C5 /* Debug */,
				765BB0BD2DC0D86C001790C5 /* Release */,
			);
			defaultConfigurationIsVisible = 0;
			defaultConfigurationName = Release;
		};
/* End XCConfigurationList section */
	};
	rootObject = 765BB0832DC0D86B001790C5 /* Project object */;
}
